// !$*UTF8*$!
{
	archiveVersion = 1;
	classes = {
	};
	objectVersion = 46;
	objects = {

/* Begin PBXBuildFile section */
		688CCFA01F1A713100BCF48D /* AppDelegate.swift in Sources */ = {isa = PBXBuildFile; fileRef = 688CCF9F1F1A713100BCF48D /* AppDelegate.swift */; };
		688CCFA21F1A713100BCF48D /* MasterViewController.swift in Sources */ = {isa = PBXBuildFile; fileRef = 688CCFA11F1A713100BCF48D /* MasterViewController.swift */; };
		688CCFA41F1A713100BCF48D /* DetailViewController.swift in Sources */ = {isa = PBXBuildFile; fileRef = 688CCFA31F1A713100BCF48D /* DetailViewController.swift */; };
		688CCFA71F1A713100BCF48D /* Main.storyboard in Resources */ = {isa = PBXBuildFile; fileRef = 688CCFA51F1A713100BCF48D /* Main.storyboard */; };
		688CCFA91F1A713100BCF48D /* Assets.xcassets in Resources */ = {isa = PBXBuildFile; fileRef = 688CCFA81F1A713100BCF48D /* Assets.xcassets */; };
		688CCFAC1F1A713100BCF48D /* LaunchScreen.storyboard in Resources */ = {isa = PBXBuildFile; fileRef = 688CCFAA1F1A713100BCF48D /* LaunchScreen.storyboard */; };
		688CCFB41F1A7AB000BCF48D /* Service.swift in Sources */ = {isa = PBXBuildFile; fileRef = 688CCFB31F1A7AB000BCF48D /* Service.swift */; };
		688CCFB61F1A7AFF00BCF48D /* Constants.swift in Sources */ = {isa = PBXBuildFile; fileRef = 688CCFB51F1A7AFF00BCF48D /* Constants.swift */; };
		688CCFBA1F1AA01600BCF48D /* RoutesTableViewController.swift in Sources */ = {isa = PBXBuildFile; fileRef = 688CCFB91F1AA01600BCF48D /* RoutesTableViewController.swift */; };
		81CF48253F1F31FF37C21575 /* Pods_Router.framework in Frameworks */ = {isa = PBXBuildFile; fileRef = A0DD99EE57706D5B471CC66E /* Pods_Router.framework */; };
/* End PBXBuildFile section */

/* Begin PBXFileReference section */
		4DE750C01616A85B00BC47A1 /* Pods-Router.debug.xcconfig */ = {isa = PBXFileReference; includeInIndex = 1; lastKnownFileType = text.xcconfig; name = "Pods-Router.debug.xcconfig"; path = "Pods/Target Support Files/Pods-Router/Pods-Router.debug.xcconfig"; sourceTree = "<group>"; };
		688CCF9C1F1A713100BCF48D /* Router.app */ = {isa = PBXFileReference; explicitFileType = wrapper.application; includeInIndex = 0; path = Router.app; sourceTree = BUILT_PRODUCTS_DIR; };
		688CCF9F1F1A713100BCF48D /* AppDelegate.swift */ = {isa = PBXFileReference; lastKnownFileType = sourcecode.swift; path = AppDelegate.swift; sourceTree = "<group>"; };
		688CCFA11F1A713100BCF48D /* MasterViewController.swift */ = {isa = PBXFileReference; lastKnownFileType = sourcecode.swift; path = MasterViewController.swift; sourceTree = "<group>"; };
		688CCFA31F1A713100BCF48D /* DetailViewController.swift */ = {isa = PBXFileReference; lastKnownFileType = sourcecode.swift; path = DetailViewController.swift; sourceTree = "<group>"; };
		688CCFA61F1A713100BCF48D /* Base */ = {isa = PBXFileReference; lastKnownFileType = file.storyboard; name = Base; path = Base.lproj/Main.storyboard; sourceTree = "<group>"; };
		688CCFA81F1A713100BCF48D /* Assets.xcassets */ = {isa = PBXFileReference; lastKnownFileType = folder.assetcatalog; path = Assets.xcassets; sourceTree = "<group>"; };
		688CCFAB1F1A713100BCF48D /* Base */ = {isa = PBXFileReference; lastKnownFileType = file.storyboard; name = Base; path = Base.lproj/LaunchScreen.storyboard; sourceTree = "<group>"; };
		688CCFAD1F1A713100BCF48D /* Info.plist */ = {isa = PBXFileReference; lastKnownFileType = text.plist.xml; path = Info.plist; sourceTree = "<group>"; };
		688CCFB31F1A7AB000BCF48D /* Service.swift */ = {isa = PBXFileReference; fileEncoding = 4; lastKnownFileType = sourcecode.swift; path = Service.swift; sourceTree = "<group>"; };
		688CCFB51F1A7AFF00BCF48D /* Constants.swift */ = {isa = PBXFileReference; fileEncoding = 4; lastKnownFileType = sourcecode.swift; path = Constants.swift; sourceTree = "<group>"; };
		688CCFB91F1AA01600BCF48D /* RoutesTableViewController.swift */ = {isa = PBXFileReference; fileEncoding = 4; lastKnownFileType = sourcecode.swift; path = RoutesTableViewController.swift; sourceTree = "<group>"; };
		A0DD99EE57706D5B471CC66E /* Pods_Router.framework */ = {isa = PBXFileReference; explicitFileType = wrapper.framework; includeInIndex = 0; path = Pods_Router.framework; sourceTree = BUILT_PRODUCTS_DIR; };
		B44CDB3CB34C8718C4C6F4E5 /* Pods-Router.release.xcconfig */ = {isa = PBXFileReference; includeInIndex = 1; lastKnownFileType = text.xcconfig; name = "Pods-Router.release.xcconfig"; path = "Pods/Target Support Files/Pods-Router/Pods-Router.release.xcconfig"; sourceTree = "<group>"; };
/* End PBXFileReference section */

/* Begin PBXFrameworksBuildPhase section */
		688CCF991F1A713100BCF48D /* Frameworks */ = {
			isa = PBXFrameworksBuildPhase;
			buildActionMask = 2147483647;
			files = (
				81CF48253F1F31FF37C21575 /* Pods_Router.framework in Frameworks */,
			);
			runOnlyForDeploymentPostprocessing = 0;
		};
/* End PBXFrameworksBuildPhase section */

/* Begin PBXGroup section */
		002CF70576E0821A09F24F89 /* Frameworks */ = {
			isa = PBXGroup;
			children = (
				A0DD99EE57706D5B471CC66E /* Pods_Router.framework */,
			);
			name = Frameworks;
			sourceTree = "<group>";
		};
		30860E474321FB92C0F47391 /* Pods */ = {
			isa = PBXGroup;
			children = (
				4DE750C01616A85B00BC47A1 /* Pods-Router.debug.xcconfig */,
				B44CDB3CB34C8718C4C6F4E5 /* Pods-Router.release.xcconfig */,
			);
			name = Pods;
			sourceTree = "<group>";
		};
		688CCF931F1A713100BCF48D = {
			isa = PBXGroup;
			children = (
				688CCF9E1F1A713100BCF48D /* Router */,
				688CCF9D1F1A713100BCF48D /* Products */,
				30860E474321FB92C0F47391 /* Pods */,
				002CF70576E0821A09F24F89 /* Frameworks */,
			);
			sourceTree = "<group>";
		};
		688CCF9D1F1A713100BCF48D /* Products */ = {
			isa = PBXGroup;
			children = (
				688CCF9C1F1A713100BCF48D /* Router.app */,
			);
			name = Products;
			sourceTree = "<group>";
		};
		688CCF9E1F1A713100BCF48D /* Router */ = {
			isa = PBXGroup;
			children = (
				688CCF9F1F1A713100BCF48D /* AppDelegate.swift */,
				688CCFA11F1A713100BCF48D /* MasterViewController.swift */,
				688CCFA31F1A713100BCF48D /* DetailViewController.swift */,
				688CCFA51F1A713100BCF48D /* Main.storyboard */,
				688CCFA81F1A713100BCF48D /* Assets.xcassets */,
				688CCFAA1F1A713100BCF48D /* LaunchScreen.storyboard */,
				688CCFAD1F1A713100BCF48D /* Info.plist */,
				688CCFB31F1A7AB000BCF48D /* Service.swift */,
				688CCFB51F1A7AFF00BCF48D /* Constants.swift */,
				688CCFB91F1AA01600BCF48D /* RoutesTableViewController.swift */,
			);
			path = Router;
			sourceTree = "<group>";
		};
/* End PBXGroup section */

/* Begin PBXNativeTarget section */
		688CCF9B1F1A713100BCF48D /* Router */ = {
			isa = PBXNativeTarget;
			buildConfigurationList = 688CCFB01F1A713100BCF48D /* Build configuration list for PBXNativeTarget "Router" */;
			buildPhases = (
				0E4AED519313FD0B7F7EB8F6 /* [CP] Check Pods Manifest.lock */,
				688CCF981F1A713100BCF48D /* Sources */,
				688CCF991F1A713100BCF48D /* Frameworks */,
				688CCF9A1F1A713100BCF48D /* Resources */,
				1E0266018DFFE64D09331390 /* [CP] Embed Pods Frameworks */,
				CB788F131B9155EC109DD096 /* [CP] Copy Pods Resources */,
			);
			buildRules = (
			);
			dependencies = (
			);
			name = Router;
			productName = Router;
			productReference = 688CCF9C1F1A713100BCF48D /* Router.app */;
			productType = "com.apple.product-type.application";
		};
/* End PBXNativeTarget section */

/* Begin PBXProject section */
		688CCF941F1A713100BCF48D /* Project object */ = {
			isa = PBXProject;
			attributes = {
				LastSwiftUpdateCheck = 0830;
				LastUpgradeCheck = 0830;
				ORGANIZATIONNAME = "Tinrit Labs Inc.";
				TargetAttributes = {
					688CCF9B1F1A713100BCF48D = {
						CreatedOnToolsVersion = 8.3.3;
						DevelopmentTeam = P7DAG38SF9;
						ProvisioningStyle = Automatic;
					};
				};
			};
			buildConfigurationList = 688CCF971F1A713100BCF48D /* Build configuration list for PBXProject "Router" */;
			compatibilityVersion = "Xcode 3.2";
			developmentRegion = English;
			hasScannedForEncodings = 0;
			knownRegions = (
				en,
				Base,
			);
			mainGroup = 688CCF931F1A713100BCF48D;
			productRefGroup = 688CCF9D1F1A713100BCF48D /* Products */;
			projectDirPath = "";
			projectRoot = "";
			targets = (
				688CCF9B1F1A713100BCF48D /* Router */,
			);
		};
/* End PBXProject section */

/* Begin PBXResourcesBuildPhase section */
		688CCF9A1F1A713100BCF48D /* Resources */ = {
			isa = PBXResourcesBuildPhase;
			buildActionMask = 2147483647;
			files = (
				688CCFAC1F1A713100BCF48D /* LaunchScreen.storyboard in Resources */,
				688CCFA91F1A713100BCF48D /* Assets.xcassets in Resources */,
				688CCFA71F1A713100BCF48D /* Main.storyboard in Resources */,
			);
			runOnlyForDeploymentPostprocessing = 0;
		};
/* End PBXResourcesBuildPhase section */

/* Begin PBXShellScriptBuildPhase section */
		0E4AED519313FD0B7F7EB8F6 /* [CP] Check Pods Manifest.lock */ = {
			isa = PBXShellScriptBuildPhase;
			buildActionMask = 2147483647;
			files = (
			);
			inputPaths = (
			);
			name = "[CP] Check Pods Manifest.lock";
			outputPaths = (
			);
			runOnlyForDeploymentPostprocessing = 0;
			shellPath = /bin/sh;
			shellScript = "diff \"${PODS_ROOT}/../Podfile.lock\" \"${PODS_ROOT}/Manifest.lock\" > /dev/null\nif [ $? != 0 ] ; then\n    # print error to STDERR\n    echo \"error: The sandbox is not in sync with the Podfile.lock. Run 'pod install' or update your CocoaPods installation.\" >&2\n    exit 1\nfi\n";
			showEnvVarsInLog = 0;
		};
		1E0266018DFFE64D09331390 /* [CP] Embed Pods Frameworks */ = {
			isa = PBXShellScriptBuildPhase;
			buildActionMask = 2147483647;
			files = (
			);
			inputPaths = (
			);
			name = "[CP] Embed Pods Frameworks";
			outputPaths = (
			);
			runOnlyForDeploymentPostprocessing = 0;
			shellPath = /bin/sh;
			shellScript = "\"${SRCROOT}/Pods/Target Support Files/Pods-Router/Pods-Router-frameworks.sh\"\n";
			showEnvVarsInLog = 0;
		};
		CB788F131B9155EC109DD096 /* [CP] Copy Pods Resources */ = {
			isa = PBXShellScriptBuildPhase;
			buildActionMask = 2147483647;
			files = (
			);
			inputPaths = (
			);
			name = "[CP] Copy Pods Resources";
			outputPaths = (
			);
			runOnlyForDeploymentPostprocessing = 0;
			shellPath = /bin/sh;
			shellScript = "\"${SRCROOT}/Pods/Target Support Files/Pods-Router/Pods-Router-resources.sh\"\n";
			showEnvVarsInLog = 0;
		};
/* End PBXShellScriptBuildPhase section */

/* Begin PBXSourcesBuildPhase section */
		688CCF981F1A713100BCF48D /* Sources */ = {
			isa = PBXSourcesBuildPhase;
			buildActionMask = 2147483647;
			files = (
				688CCFB61F1A7AFF00BCF48D /* Constants.swift in Sources */,
				688CCFA41F1A713100BCF48D /* DetailViewController.swift in Sources */,
				688CCFB41F1A7AB000BCF48D /* Service.swift in Sources */,
				688CCFBA1F1AA01600BCF48D /* RoutesTableViewController.swift in Sources */,
				688CCFA21F1A713100BCF48D /* MasterViewController.swift in Sources */,
				688CCFA01F1A713100BCF48D /* AppDelegate.swift in Sources */,
			);
			runOnlyForDeploymentPostprocessing = 0;
		};
/* End PBXSourcesBuildPhase section */

/* Begin PBXVariantGroup section */
		688CCFA51F1A713100BCF48D /* Main.storyboard */ = {
			isa = PBXVariantGroup;
			children = (
				688CCFA61F1A713100BCF48D /* Base */,
			);
			name = Main.storyboard;
			sourceTree = "<group>";
		};
		688CCFAA1F1A713100BCF48D /* LaunchScreen.storyboard */ = {
			isa = PBXVariantGroup;
			children = (
				688CCFAB1F1A713100BCF48D /* Base */,
			);
			name = LaunchScreen.storyboard;
			sourceTree = "<group>";
		};
/* End PBXVariantGroup section */

/* Begin XCBuildConfiguration section */
		688CCFAE1F1A713100BCF48D /* Debug */ = {
			isa = XCBuildConfiguration;
			buildSettings = {
				ALWAYS_SEARCH_USER_PATHS = NO;
				CLANG_ANALYZER_NONNULL = YES;
				CLANG_ANALYZER_NUMBER_OBJECT_CONVERSION = YES_AGGRESSIVE;
				CLANG_CXX_LANGUAGE_STANDARD = "gnu++0x";
				CLANG_CXX_LIBRARY = "libc++";
				CLANG_ENABLE_MODULES = YES;
				CLANG_ENABLE_OBJC_ARC = YES;
				CLANG_WARN_BOOL_CONVERSION = YES;
				CLANG_WARN_CONSTANT_CONVERSION = YES;
				CLANG_WARN_DIRECT_OBJC_ISA_USAGE = YES_ERROR;
				CLANG_WARN_DOCUMENTATION_COMMENTS = YES;
				CLANG_WARN_EMPTY_BODY = YES;
				CLANG_WARN_ENUM_CONVERSION = YES;
				CLANG_WARN_INFINITE_RECURSION = YES;
				CLANG_WARN_INT_CONVERSION = YES;
				CLANG_WARN_OBJC_ROOT_CLASS = YES_ERROR;
				CLANG_WARN_SUSPICIOUS_MOVE = YES;
				CLANG_WARN_UNREACHABLE_CODE = YES;
				CLANG_WARN__DUPLICATE_METHOD_MATCH = YES;
				"CODE_SIGN_IDENTITY[sdk=iphoneos*]" = "iPhone Developer";
				COPY_PHASE_STRIP = NO;
				DEBUG_INFORMATION_FORMAT = dwarf;
				ENABLE_STRICT_OBJC_MSGSEND = YES;
				ENABLE_TESTABILITY = YES;
				GCC_C_LANGUAGE_STANDARD = gnu99;
				GCC_DYNAMIC_NO_PIC = NO;
				GCC_NO_COMMON_BLOCKS = YES;
				GCC_OPTIMIZATION_LEVEL = 0;
				GCC_PREPROCESSOR_DEFINITIONS = (
					"DEBUG=1",
					"$(inherited)",
				);
				GCC_WARN_64_TO_32_BIT_CONVERSION = YES;
				GCC_WARN_ABOUT_RETURN_TYPE = YES_ERROR;
				GCC_WARN_UNDECLARED_SELECTOR = YES;
				GCC_WARN_UNINITIALIZED_AUTOS = YES_AGGRESSIVE;
				GCC_WARN_UNUSED_FUNCTION = YES;
				GCC_WARN_UNUSED_VARIABLE = YES;
				IPHONEOS_DEPLOYMENT_TARGET = 10.3;
				MTL_ENABLE_DEBUG_INFO = YES;
				ONLY_ACTIVE_ARCH = YES;
				SDKROOT = iphoneos;
				SWIFT_ACTIVE_COMPILATION_CONDITIONS = DEBUG;
				SWIFT_OPTIMIZATION_LEVEL = "-Onone";
			};
			name = Debug;
		};
		688CCFAF1F1A713100BCF48D /* Release */ = {
			isa = XCBuildConfiguration;
			buildSettings = {
				ALWAYS_SEARCH_USER_PATHS = NO;
				CLANG_ANALYZER_NONNULL = YES;
				CLANG_ANALYZER_NUMBER_OBJECT_CONVERSION = YES_AGGRESSIVE;
				CLANG_CXX_LANGUAGE_STANDARD = "gnu++0x";
				CLANG_CXX_LIBRARY = "libc++";
				CLANG_ENABLE_MODULES = YES;
				CLANG_ENABLE_OBJC_ARC = YES;
				CLANG_WARN_BOOL_CONVERSION = YES;
				CLANG_WARN_CONSTANT_CONVERSION = YES;
				CLANG_WARN_DIRECT_OBJC_ISA_USAGE = YES_ERROR;
				CLANG_WARN_DOCUMENTATION_COMMENTS = YES;
				CLANG_WARN_EMPTY_BODY = YES;
				CLANG_WARN_ENUM_CONVERSION = YES;
				CLANG_WARN_INFINITE_RECURSION = YES;
				CLANG_WARN_INT_CONVERSION = YES;
				CLANG_WARN_OBJC_ROOT_CLASS = YES_ERROR;
				CLANG_WARN_SUSPICIOUS_MOVE = YES;
				CLANG_WARN_UNREACHABLE_CODE = YES;
				CLANG_WARN__DUPLICATE_METHOD_MATCH = YES;
				"CODE_SIGN_IDENTITY[sdk=iphoneos*]" = "iPhone Developer";
				COPY_PHASE_STRIP = NO;
				DEBUG_INFORMATION_FORMAT = "dwarf-with-dsym";
				ENABLE_NS_ASSERTIONS = NO;
				ENABLE_STRICT_OBJC_MSGSEND = YES;
				GCC_C_LANGUAGE_STANDARD = gnu99;
				GCC_NO_COMMON_BLOCKS = YES;
				GCC_WARN_64_TO_32_BIT_CONVERSION = YES;
				GCC_WARN_ABOUT_RETURN_TYPE = YES_ERROR;
				GCC_WARN_UNDECLARED_SELECTOR = YES;
				GCC_WARN_UNINITIALIZED_AUTOS = YES_AGGRESSIVE;
				GCC_WARN_UNUSED_FUNCTION = YES;
				GCC_WARN_UNUSED_VARIABLE = YES;
				IPHONEOS_DEPLOYMENT_TARGET = 10.3;
				MTL_ENABLE_DEBUG_INFO = NO;
				SDKROOT = iphoneos;
				SWIFT_OPTIMIZATION_LEVEL = "-Owholemodule";
				VALIDATE_PRODUCT = YES;
			};
			name = Release;
		};
		688CCFB11F1A713100BCF48D /* Debug */ = {
			isa = XCBuildConfiguration;
			baseConfigurationReference = 4DE750C01616A85B00BC47A1 /* Pods-Router.debug.xcconfig */;
			buildSettings = {
				ASSETCATALOG_COMPILER_APPICON_NAME = AppIcon;
				DEVELOPMENT_TEAM = P7DAG38SF9;
				INFOPLIST_FILE = Router/Info.plist;
				LD_RUNPATH_SEARCH_PATHS = "$(inherited) @executable_path/Frameworks";
				PRODUCT_BUNDLE_IDENTIFIER = "com.tinrit-labs.Router";
				PRODUCT_NAME = "$(TARGET_NAME)";
				SWIFT_VERSION = 3.0;
			};
			name = Debug;
		};
		688CCFB21F1A713100BCF48D /* Release */ = {
			isa = XCBuildConfiguration;
			baseConfigurationReference = B44CDB3CB34C8718C4C6F4E5 /* Pods-Router.release.xcconfig */;
			buildSettings = {
				ASSETCATALOG_COMPILER_APPICON_NAME = AppIcon;
				DEVELOPMENT_TEAM = P7DAG38SF9;
				INFOPLIST_FILE = Router/Info.plist;
				LD_RUNPATH_SEARCH_PATHS = "$(inherited) @executable_path/Frameworks";
				PRODUCT_BUNDLE_IDENTIFIER = "com.tinrit-labs.Router";
				PRODUCT_NAME = "$(TARGET_NAME)";
				SWIFT_VERSION = 3.0;
			};
			name = Release;
		};
/* End XCBuildConfiguration section */

/* Begin XCConfigurationList section */
		688CCF971F1A713100BCF48D /* Build configuration list for PBXProject "Router" */ = {
			isa = XCConfigurationList;
			buildConfigurations = (
				688CCFAE1F1A713100BCF48D /* Debug */,
				688CCFAF1F1A713100BCF48D /* Release */,
			);
			defaultConfigurationIsVisible = 0;
			defaultConfigurationName = Release;
		};
		688CCFB01F1A713100BCF48D /* Build configuration list for PBXNativeTarget "Router" */ = {
			isa = XCConfigurationList;
			buildConfigurations = (
				688CCFB11F1A713100BCF48D /* Debug */,
				688CCFB21F1A713100BCF48D /* Release */,
			);
			defaultConfigurationIsVisible = 0;
			defaultConfigurationName = Release;
		};
/* End XCConfigurationList section */
	};
	rootObject = 688CCF941F1A713100BCF48D /* Project object */;
}
